// !$*UTF8*$!
{
	archiveVersion = 1;
	classes = {
	};
	objectVersion = 50;
	objects = {

/* Begin PBXBuildFile section */
		8303009A2316098F0013CB1D /* main.swift in Sources */ = {isa = PBXBuildFile; fileRef = 830300992316098F0013CB1D /* main.swift */; };
		833106F92319F4EF00E3862F /* FractionTests.swift in Sources */ = {isa = PBXBuildFile; fileRef = 833106F82319F4EF00E3862F /* FractionTests.swift */; };
		833106FB2319F51800E3862F /* StringExtensionTests.swift in Sources */ = {isa = PBXBuildFile; fileRef = 833106FA2319F51800E3862F /* StringExtensionTests.swift */; };
		8385D65D2317A70F00B5DF83 /* Fraction.swift in Sources */ = {isa = PBXBuildFile; fileRef = 8385D65C2317A70F00B5DF83 /* Fraction.swift */; };
		8385D65F2317A76200B5DF83 /* String+Extension.swift in Sources */ = {isa = PBXBuildFile; fileRef = 8385D65E2317A76200B5DF83 /* String+Extension.swift */; };
		8385D6612317A9DD00B5DF83 /* ArithmeticOperations.swift in Sources */ = {isa = PBXBuildFile; fileRef = 8385D6602317A9DD00B5DF83 /* ArithmeticOperations.swift */; };
		83B61BDB2318A997006788B6 /* ArithmeticOperationsTests.swift in Sources */ = {isa = PBXBuildFile; fileRef = 83B61BDA2318A997006788B6 /* ArithmeticOperationsTests.swift */; };
		83B61BE12318DAC4006788B6 /* ArithmeticOperations.swift in Sources */ = {isa = PBXBuildFile; fileRef = 8385D6602317A9DD00B5DF83 /* ArithmeticOperations.swift */; };
		83B61BE22318DAD0006788B6 /* Fraction.swift in Sources */ = {isa = PBXBuildFile; fileRef = 8385D65C2317A70F00B5DF83 /* Fraction.swift */; };
		83B61BE32318DAD3006788B6 /* String+Extension.swift in Sources */ = {isa = PBXBuildFile; fileRef = 8385D65E2317A76200B5DF83 /* String+Extension.swift */; };
		83B61BE42318DAD7006788B6 /* main.swift in Sources */ = {isa = PBXBuildFile; fileRef = 830300992316098F0013CB1D /* main.swift */; };
/* End PBXBuildFile section */

/* Begin PBXCopyFilesBuildPhase section */
		830300942316098F0013CB1D /* CopyFiles */ = {
			isa = PBXCopyFilesBuildPhase;
			buildActionMask = 2147483647;
			dstPath = /usr/share/man/man1/;
			dstSubfolderSpec = 0;
			files = (
			);
			runOnlyForDeploymentPostprocessing = 1;
		};
/* End PBXCopyFilesBuildPhase section */

/* Begin PBXFileReference section */
		830300962316098F0013CB1D /* OperationsOnFractions */ = {isa = PBXFileReference; explicitFileType = "compiled.mach-o.executable"; includeInIndex = 0; path = OperationsOnFractions; sourceTree = BUILT_PRODUCTS_DIR; };
		830300992316098F0013CB1D /* main.swift */ = {isa = PBXFileReference; lastKnownFileType = sourcecode.swift; path = main.swift; sourceTree = "<group>"; };
		833106F82319F4EF00E3862F /* FractionTests.swift */ = {isa = PBXFileReference; lastKnownFileType = sourcecode.swift; path = FractionTests.swift; sourceTree = "<group>"; };
		833106FA2319F51800E3862F /* StringExtensionTests.swift */ = {isa = PBXFileReference; lastKnownFileType = sourcecode.swift; path = StringExtensionTests.swift; sourceTree = "<group>"; };
		8385D65C2317A70F00B5DF83 /* Fraction.swift */ = {isa = PBXFileReference; lastKnownFileType = sourcecode.swift; path = Fraction.swift; sourceTree = "<group>"; };
		8385D65E2317A76200B5DF83 /* String+Extension.swift */ = {isa = PBXFileReference; lastKnownFileType = sourcecode.swift; path = "String+Extension.swift"; sourceTree = "<group>"; };
		8385D6602317A9DD00B5DF83 /* ArithmeticOperations.swift */ = {isa = PBXFileReference; lastKnownFileType = sourcecode.swift; path = ArithmeticOperations.swift; sourceTree = "<group>"; };
		83B61BD82318A996006788B6 /* OperationsOnFractionsTests.xctest */ = {isa = PBXFileReference; explicitFileType = wrapper.cfbundle; includeInIndex = 0; path = OperationsOnFractionsTests.xctest; sourceTree = BUILT_PRODUCTS_DIR; };
		83B61BDA2318A997006788B6 /* ArithmeticOperationsTests.swift */ = {isa = PBXFileReference; lastKnownFileType = sourcecode.swift; path = ArithmeticOperationsTests.swift; sourceTree = "<group>"; };
		83B61BDC2318A997006788B6 /* Info.plist */ = {isa = PBXFileReference; lastKnownFileType = text.plist.xml; path = Info.plist; sourceTree = "<group>"; };
/* End PBXFileReference section */

/* Begin PBXFrameworksBuildPhase section */
		830300932316098F0013CB1D /* Frameworks */ = {
			isa = PBXFrameworksBuildPhase;
			buildActionMask = 2147483647;
			files = (
			);
			runOnlyForDeploymentPostprocessing = 0;
		};
		83B61BD52318A996006788B6 /* Frameworks */ = {
			isa = PBXFrameworksBuildPhase;
			buildActionMask = 2147483647;
			files = (
			);
			runOnlyForDeploymentPostprocessing = 0;
		};
/* End PBXFrameworksBuildPhase section */

/* Begin PBXGroup section */
		8303008D2316098F0013CB1D = {
			isa = PBXGroup;
			children = (
				830300982316098F0013CB1D /* OperationsOnFractions */,
				83B61BD92318A997006788B6 /* OperationsOnFractionsTests */,
				830300972316098F0013CB1D /* Products */,
			);
			sourceTree = "<group>";
		};
		830300972316098F0013CB1D /* Products */ = {
			isa = PBXGroup;
			children = (
				830300962316098F0013CB1D /* OperationsOnFractions */,
				83B61BD82318A996006788B6 /* OperationsOnFractionsTests.xctest */,
			);
			name = Products;
			sourceTree = "<group>";
		};
		830300982316098F0013CB1D /* OperationsOnFractions */ = {
			isa = PBXGroup;
			children = (
				830300992316098F0013CB1D /* main.swift */,
				8385D6602317A9DD00B5DF83 /* ArithmeticOperations.swift */,
				8385D65C2317A70F00B5DF83 /* Fraction.swift */,
				8385D65E2317A76200B5DF83 /* String+Extension.swift */,
			);
			path = OperationsOnFractions;
			sourceTree = "<group>";
		};
		83B61BD92318A997006788B6 /* OperationsOnFractionsTests */ = {
			isa = PBXGroup;
			children = (
				83B61BDA2318A997006788B6 /* ArithmeticOperationsTests.swift */,
				833106F82319F4EF00E3862F /* FractionTests.swift */,
				833106FA2319F51800E3862F /* StringExtensionTests.swift */,
				83B61BDC2318A997006788B6 /* Info.plist */,
			);
			path = OperationsOnFractionsTests;
			sourceTree = "<group>";
		};
/* End PBXGroup section */

/* Begin PBXNativeTarget section */
		830300952316098F0013CB1D /* OperationsOnFractions */ = {
			isa = PBXNativeTarget;
			buildConfigurationList = 8303009D2316098F0013CB1D /* Build configuration list for PBXNativeTarget "OperationsOnFractions" */;
			buildPhases = (
				830300922316098F0013CB1D /* Sources */,
				830300932316098F0013CB1D /* Frameworks */,
				830300942316098F0013CB1D /* CopyFiles */,
				830300A023160B610013CB1D /* ShellScript */,
			);
			buildRules = (
			);
			dependencies = (
			);
			name = OperationsOnFractions;
			productName = OperationsOnFractions;
			productReference = 830300962316098F0013CB1D /* OperationsOnFractions */;
			productType = "com.apple.product-type.tool";
		};
		83B61BD72318A996006788B6 /* OperationsOnFractionsTests */ = {
			isa = PBXNativeTarget;
			buildConfigurationList = 83B61BDF2318A997006788B6 /* Build configuration list for PBXNativeTarget "OperationsOnFractionsTests" */;
			buildPhases = (
				83B61BD42318A996006788B6 /* Sources */,
				83B61BD52318A996006788B6 /* Frameworks */,
				83B61BD62318A996006788B6 /* Resources */,
			);
			buildRules = (
			);
			dependencies = (
			);
			name = OperationsOnFractionsTests;
			productName = OperationsOnFractionsTests;
			productReference = 83B61BD82318A996006788B6 /* OperationsOnFractionsTests.xctest */;
			productType = "com.apple.product-type.bundle.unit-test";
		};
/* End PBXNativeTarget section */

/* Begin PBXProject section */
		8303008E2316098F0013CB1D /* Project object */ = {
			isa = PBXProject;
			attributes = {
				LastSwiftUpdateCheck = 1020;
				LastUpgradeCheck = 1020;
				ORGANIZATIONNAME = personal;
				TargetAttributes = {
					830300952316098F0013CB1D = {
						CreatedOnToolsVersion = 10.2.1;
					};
					83B61BD72318A996006788B6 = {
						CreatedOnToolsVersion = 10.2.1;
					};
				};
			};
			buildConfigurationList = 830300912316098F0013CB1D /* Build configuration list for PBXProject "OperationsOnFractions" */;
			compatibilityVersion = "Xcode 9.3";
			developmentRegion = en;
			hasScannedForEncodings = 0;
			knownRegions = (
				en,
			);
			mainGroup = 8303008D2316098F0013CB1D;
			productRefGroup = 830300972316098F0013CB1D /* Products */;
			projectDirPath = "";
			projectRoot = "";
			targets = (
				830300952316098F0013CB1D /* OperationsOnFractions */,
				83B61BD72318A996006788B6 /* OperationsOnFractionsTests */,
			);
		};
/* End PBXProject section */

/* Begin PBXResourcesBuildPhase section */
		83B61BD62318A996006788B6 /* Resources */ = {
			isa = PBXResourcesBuildPhase;
			buildActionMask = 2147483647;
			files = (
			);
			runOnlyForDeploymentPostprocessing = 0;
		};
/* End PBXResourcesBuildPhase section */

/* Begin PBXShellScriptBuildPhase section */
		830300A023160B610013CB1D /* ShellScript */ = {
			isa = PBXShellScriptBuildPhase;
			buildActionMask = 2147483647;
			files = (
			);
			inputFileListPaths = (
			);
			inputPaths = (
			);
			outputFileListPaths = (
			);
			outputPaths = (
			);
			runOnlyForDeploymentPostprocessing = 0;
			shellPath = /bin/sh;
			shellScript = "cp -R \"${BUILT_PRODUCTS_DIR}/OperationsOnFractions\" \"${PROJECT_DIR}/bin\"\n";
		};
/* End PBXShellScriptBuildPhase section */

/* Begin PBXSourcesBuildPhase section */
		830300922316098F0013CB1D /* Sources */ = {
			isa = PBXSourcesBuildPhase;
			buildActionMask = 2147483647;
			files = (
				8303009A2316098F0013CB1D /* main.swift in Sources */,
				8385D65F2317A76200B5DF83 /* String+Extension.swift in Sources */,
				8385D65D2317A70F00B5DF83 /* Fraction.swift in Sources */,
				8385D6612317A9DD00B5DF83 /* ArithmeticOperations.swift in Sources */,
			);
			runOnlyForDeploymentPostprocessing = 0;
		};
		83B61BD42318A996006788B6 /* Sources */ = {
			isa = PBXSourcesBuildPhase;
			buildActionMask = 2147483647;
			files = (
				83B61BE32318DAD3006788B6 /* String+Extension.swift in Sources */,
				83B61BE42318DAD7006788B6 /* main.swift in Sources */,
				833106FB2319F51800E3862F /* StringExtensionTests.swift in Sources */,
				83B61BE22318DAD0006788B6 /* Fraction.swift in Sources */,
				83B61BDB2318A997006788B6 /* ArithmeticOperationsTests.swift in Sources */,
				83B61BE12318DAC4006788B6 /* ArithmeticOperations.swift in Sources */,
				833106F92319F4EF00E3862F /* FractionTests.swift in Sources */,
			);
			runOnlyForDeploymentPostprocessing = 0;
		};
/* End PBXSourcesBuildPhase section */

/* Begin XCBuildConfiguration section */
		8303009B2316098F0013CB1D /* Debug */ = {
			isa = XCBuildConfiguration;
			buildSettings = {
				ALWAYS_SEARCH_USER_PATHS = NO;
				CLANG_ANALYZER_NONNULL = YES;
				CLANG_ANALYZER_NUMBER_OBJECT_CONVERSION = YES_AGGRESSIVE;
				CLANG_CXX_LANGUAGE_STANDARD = "gnu++14";
				CLANG_CXX_LIBRARY = "libc++";
				CLANG_ENABLE_MODULES = YES;
				CLANG_ENABLE_OBJC_ARC = YES;
				CLANG_ENABLE_OBJC_WEAK = YES;
				CLANG_WARN_BLOCK_CAPTURE_AUTORELEASING = YES;
				CLANG_WARN_BOOL_CONVERSION = YES;
				CLANG_WARN_COMMA = YES;
				CLANG_WARN_CONSTANT_CONVERSION = YES;
				CLANG_WARN_DEPRECATED_OBJC_IMPLEMENTATIONS = YES;
				CLANG_WARN_DIRECT_OBJC_ISA_USAGE = YES_ERROR;
				CLANG_WARN_DOCUMENTATION_COMMENTS = YES;
				CLANG_WARN_EMPTY_BODY = YES;
				CLANG_WARN_ENUM_CONVERSION = YES;
				CLANG_WARN_INFINITE_RECURSION = YES;
				CLANG_WARN_INT_CONVERSION = YES;
				CLANG_WARN_NON_LITERAL_NULL_CONVERSION = YES;
				CLANG_WARN_OBJC_IMPLICIT_RETAIN_SELF = YES;
				CLANG_WARN_OBJC_LITERAL_CONVERSION = YES;
				CLANG_WARN_OBJC_ROOT_CLASS = YES_ERROR;
				CLANG_WARN_RANGE_LOOP_ANALYSIS = YES;
				CLANG_WARN_STRICT_PROTOTYPES = YES;
				CLANG_WARN_SUSPICIOUS_MOVE = YES;
				CLANG_WARN_UNGUARDED_AVAILABILITY = YES_AGGRESSIVE;
				CLANG_WARN_UNREACHABLE_CODE = YES;
				CLANG_WARN__DUPLICATE_METHOD_MATCH = YES;
				CODE_SIGN_IDENTITY = "-";
				COPY_PHASE_STRIP = NO;
				DEBUG_INFORMATION_FORMAT = dwarf;
				ENABLE_STRICT_OBJC_MSGSEND = YES;
				ENABLE_TESTABILITY = YES;
				GCC_C_LANGUAGE_STANDARD = gnu11;
				GCC_DYNAMIC_NO_PIC = NO;
				GCC_NO_COMMON_BLOCKS = YES;
				GCC_OPTIMIZATION_LEVEL = 0;
				GCC_PREPROCESSOR_DEFINITIONS = (
					"DEBUG=1",
					"$(inherited)",
				);
				GCC_WARN_64_TO_32_BIT_CONVERSION = YES;
				GCC_WARN_ABOUT_RETURN_TYPE = YES_ERROR;
				GCC_WARN_UNDECLARED_SELECTOR = YES;
				GCC_WARN_UNINITIALIZED_AUTOS = YES_AGGRESSIVE;
				GCC_WARN_UNUSED_FUNCTION = YES;
				GCC_WARN_UNUSED_VARIABLE = YES;
				MACOSX_DEPLOYMENT_TARGET = 10.14;
				MTL_ENABLE_DEBUG_INFO = INCLUDE_SOURCE;
				MTL_FAST_MATH = YES;
				ONLY_ACTIVE_ARCH = YES;
				SDKROOT = macosx;
				SWIFT_ACTIVE_COMPILATION_CONDITIONS = DEBUG;
				SWIFT_OPTIMIZATION_LEVEL = "-Onone";
				SWIFT_VERSION = 5.0;
			};
			name = Debug;
		};
		8303009C2316098F0013CB1D /* Release */ = {
			isa = XCBuildConfiguration;
			buildSettings = {
				ALWAYS_SEARCH_USER_PATHS = NO;
				CLANG_ANALYZER_NONNULL = YES;
				CLANG_ANALYZER_NUMBER_OBJECT_CONVERSION = YES_AGGRESSIVE;
				CLANG_CXX_LANGUAGE_STANDARD = "gnu++14";
				CLANG_CXX_LIBRARY = "libc++";
				CLANG_ENABLE_MODULES = YES;
				CLANG_ENABLE_OBJC_ARC = YES;
				CLANG_ENABLE_OBJC_WEAK = YES;
				CLANG_WARN_BLOCK_CAPTURE_AUTORELEASING = YES;
				CLANG_WARN_BOOL_CONVERSION = YES;
				CLANG_WARN_COMMA = YES;
				CLANG_WARN_CONSTANT_CONVERSION = YES;
				CLANG_WARN_DEPRECATED_OBJC_IMPLEMENTATIONS = YES;
				CLANG_WARN_DIRECT_OBJC_ISA_USAGE = YES_ERROR;
				CLANG_WARN_DOCUMENTATION_COMMENTS = YES;
				CLANG_WARN_EMPTY_BODY = YES;
				CLANG_WARN_ENUM_CONVERSION = YES;
				CLANG_WARN_INFINITE_RECURSION = YES;
				CLANG_WARN_INT_CONVERSION = YES;
				CLANG_WARN_NON_LITERAL_NULL_CONVERSION = YES;
				CLANG_WARN_OBJC_IMPLICIT_RETAIN_SELF = YES;
				CLANG_WARN_OBJC_LITERAL_CONVERSION = YES;
				CLANG_WARN_OBJC_ROOT_CLASS = YES_ERROR;
				CLANG_WARN_RANGE_LOOP_ANALYSIS = YES;
				CLANG_WARN_STRICT_PROTOTYPES = YES;
				CLANG_WARN_SUSPICIOUS_MOVE = YES;
				CLANG_WARN_UNGUARDED_AVAILABILITY = YES_AGGRESSIVE;
				CLANG_WARN_UNREACHABLE_CODE = YES;
				CLANG_WARN__DUPLICATE_METHOD_MATCH = YES;
				CODE_SIGN_IDENTITY = "-";
				COPY_PHASE_STRIP = NO;
				DEBUG_INFORMATION_FORMAT = "dwarf-with-dsym";
				ENABLE_NS_ASSERTIONS = NO;
				ENABLE_STRICT_OBJC_MSGSEND = YES;
				GCC_C_LANGUAGE_STANDARD = gnu11;
				GCC_NO_COMMON_BLOCKS = YES;
				GCC_WARN_64_TO_32_BIT_CONVERSION = YES;
				GCC_WARN_ABOUT_RETURN_TYPE = YES_ERROR;
				GCC_WARN_UNDECLARED_SELECTOR = YES;
				GCC_WARN_UNINITIALIZED_AUTOS = YES_AGGRESSIVE;
				GCC_WARN_UNUSED_FUNCTION = YES;
				GCC_WARN_UNUSED_VARIABLE = YES;
				MACOSX_DEPLOYMENT_TARGET = 10.14;
				MTL_ENABLE_DEBUG_INFO = NO;
				MTL_FAST_MATH = YES;
				SDKROOT = macosx;
				SWIFT_COMPILATION_MODE = wholemodule;
				SWIFT_OPTIMIZATION_LEVEL = "-O";
				SWIFT_VERSION = 5.0;
			};
			name = Release;
		};
		8303009E2316098F0013CB1D /* Debug */ = {
			isa = XCBuildConfiguration;
			buildSettings = {
				CODE_SIGN_STYLE = Automatic;
				INFOPLIST_FILE = "$(SRCROOT)/OperationsOnFractionsTests/Info.plist";
				PRODUCT_BUNDLE_IDENTIFIER = com.operations;
				PRODUCT_NAME = "$(TARGET_NAME)";
				SWIFT_VERSION = 5.0;
			};
			name = Debug;
		};
		8303009F2316098F0013CB1D /* Release */ = {
			isa = XCBuildConfiguration;
			buildSettings = {
				CODE_SIGN_STYLE = Automatic;
				INFOPLIST_FILE = "$(SRCROOT)/OperationsOnFractionsTests/Info.plist";
				PRODUCT_BUNDLE_IDENTIFIER = com.operations;
				PRODUCT_NAME = "$(TARGET_NAME)";
				SWIFT_VERSION = 5.0;
			};
			name = Release;
		};
		83B61BDD2318A997006788B6 /* Debug */ = {
			isa = XCBuildConfiguration;
			buildSettings = {
				CODE_SIGN_STYLE = Automatic;
				COMBINE_HIDPI_IMAGES = YES;
				INFOPLIST_FILE = OperationsOnFractionsTests/Info.plist;
				LD_RUNPATH_SEARCH_PATHS = (
					"$(inherited)",
					"@executable_path/../Frameworks",
					"@loader_path/../Frameworks",
				);
				PRODUCT_BUNDLE_IDENTIFIER = com.personal.OperationsOnFractionsTests;
				PRODUCT_NAME = "$(TARGET_NAME)";
				SWIFT_VERSION = 5.0;
			};
			name = Debug;
		};
		83B61BDE2318A997006788B6 /* Release */ = {
			isa = XCBuildConfiguration;
			buildSettings = {
				CODE_SIGN_STYLE = Automatic;
				COMBINE_HIDPI_IMAGES = YES;
				INFOPLIST_FILE = OperationsOnFractionsTests/Info.plist;
				LD_RUNPATH_SEARCH_PATHS = (
					"$(inherited)",
					"@executable_path/../Frameworks",
					"@loader_path/../Frameworks",
				);
				PRODUCT_BUNDLE_IDENTIFIER = com.personal.OperationsOnFractionsTests;
				PRODUCT_NAME = "$(TARGET_NAME)";
				SWIFT_VERSION = 5.0;
			};
			name = Release;
		};
/* End XCBuildConfiguration section */

/* Begin XCConfigurationList section */
		830300912316098F0013CB1D /* Build configuration list for PBXProject "OperationsOnFractions" */ = {
			isa = XCConfigurationList;
			buildConfigurations = (
				8303009B2316098F0013CB1D /* Debug */,
				8303009C2316098F0013CB1D /* Release */,
			);
			defaultConfigurationIsVisible = 0;
			defaultConfigurationName = Release;
		};
		8303009D2316098F0013CB1D /* Build configuration list for PBXNativeTarget "OperationsOnFractions" */ = {
			isa = XCConfigurationList;
			buildConfigurations = (
				8303009E2316098F0013CB1D /* Debug */,
				8303009F2316098F0013CB1D /* Release */,
			);
			defaultConfigurationIsVisible = 0;
			defaultConfigurationName = Release;
		};
		83B61BDF2318A997006788B6 /* Build configuration list for PBXNativeTarget "OperationsOnFractionsTests" */ = {
			isa = XCConfigurationList;
			buildConfigurations = (
				83B61BDD2318A997006788B6 /* Debug */,
				83B61BDE2318A997006788B6 /* Release */,
			);
			defaultConfigurationIsVisible = 0;
			defaultConfigurationName = Release;
		};
/* End XCConfigurationList section */
	};
	rootObject = 8303008E2316098F0013CB1D /* Project object */;
}
